
Microsoft Visual Studio Solution File, Format Version 12.00
# Visual Studio Version 17
VisualStudioVersion = 17.5.33414.496
MinimumVisualStudioVersion = 10.0.40219.1
Project("{FAE04EC0-301F-11D3-BF4B-00C04F79EFBC}") = "FTPserver", "FTPserver\FTPserver.csproj", "{8E6F7955-FE29-4135-B7C2-C97F9DECC605}"
EndProject
Project("{FAE04EC0-301F-11D3-BF4B-00C04F79EFBC}") = "FTPclient", "FTPclient\FTPclient.csproj", "{4ACC69DE-9F63-4548-BAC6-B9902E714B97}"
EndProject
Global
	GlobalSection(SolutionConfigurationPlatforms) = preSolution
		Debug|Any CPU = Debug|Any CPU
		Release|Any CPU = Release|Any CPU
	EndGlobalSection
	GlobalSection(ProjectConfigurationPlatforms) = postSolution
		{8E6F7955-FE29-4135-B7C2-C97F9DECC605}.Debug|Any CPU.ActiveCfg = Debug|Any CPU
		{8E6F7955-FE29-4135-B7C2-C97F9DECC605}.Debug|Any CPU.Build.0 = Debug|Any CPU
		{8E6F7955-FE29-4135-B7C2-C97F9DECC605}.Release|Any CPU.ActiveCfg = Release|Any CPU
		{8E6F7955-FE29-4135-B7C2-C97F9DECC605}.Release|Any CPU.Build.0 = Release|Any CPU
		{4ACC69DE-9F63-4548-BAC6-B9902E714B97}.Debug|Any CPU.ActiveCfg = Debug|Any CPU
		{4ACC69DE-9F63-4548-BAC6-B9902E714B97}.Debug|Any CPU.Build.0 = Debug|Any CPU
		{4ACC69DE-9F63-4548-BAC6-B9902E714B97}.Release|Any CPU.ActiveCfg = Release|Any CPU
		{4ACC69DE-9F63-4548-BAC6-B9902E714B97}.Release|Any CPU.Build.0 = Release|Any CPU
	EndGlobalSection
	GlobalSection(SolutionProperties) = preSolution
		HideSolutionNode = FALSE
	EndGlobalSection
	GlobalSection(ExtensibilityGlobals) = postSolution
		SolutionGuid = {2596D394-13EF-469D-81CF-051E284C3459}
	EndGlobalSection
EndGlobal
